
Microsoft Visual Studio Solution File, Format Version 12.00
# Visual Studio 15
VisualStudioVersion = 15.0.27703.2000
MinimumVisualStudioVersion = 10.0.40219.1
Project("{8BC9CEB8-8B4A-11D0-8D11-00A0C91BC942}") = "dcc", "dcc\dcc.vcxproj", "{1516E28F-F3CF-4E39-AEA7-92777D6D1FE4}"
EndProject
Global
	GlobalSection(SolutionConfigurationPlatforms) = preSolution
		Debug|ARM = Debug|ARM
		Debug|x64 = Debug|x64
		Debug|x86 = Debug|x86
		Release|ARM = Release|ARM
		Release|x64 = Release|x64
		Release|x86 = Release|x86
	EndGlobalSection
	GlobalSection(ProjectConfigurationPlatforms) = postSolution
		{1516E28F-F3CF-4E39-AEA7-92777D6D1FE4}.Debug|ARM.ActiveCfg = Debug|ARM
		{1516E28F-F3CF-4E39-AEA7-92777D6D1FE4}.Debug|ARM.Build.0 = Debug|ARM
		{1516E28F-F3CF-4E39-AEA7-92777D6D1FE4}.Debug|x64.ActiveCfg = Debug|x64
		{1516E28F-F3CF-4E39-AEA7-92777D6D1FE4}.Debug|x64.Build.0 = Debug|x64
		{1516E28F-F3CF-4E39-AEA7-92777D6D1FE4}.Debug|x86.ActiveCfg = Debug|x86
		{1516E28F-F3CF-4E39-AEA7-92777D6D1FE4}.Debug|x86.Build.0 = Debug|x86
		{1516E28F-F3CF-4E39-AEA7-92777D6D1FE4}.Release|ARM.ActiveCfg = Release|ARM
		{1516E28F-F3CF-4E39-AEA7-92777D6D1FE4}.Release|ARM.Build.0 = Release|ARM
		{1516E28F-F3CF-4E39-AEA7-92777D6D1FE4}.Release|x64.ActiveCfg = Release|x64
		{1516E28F-F3CF-4E39-AEA7-92777D6D1FE4}.Release|x64.Build.0 = Release|x64
		{1516E28F-F3CF-4E39-AEA7-92777D6D1FE4}.Release|x86.ActiveCfg = Release|x86
		{1516E28F-F3CF-4E39-AEA7-92777D6D1FE4}.Release|x86.Build.0 = Release|x86
	EndGlobalSection
	GlobalSection(SolutionProperties) = preSolution
		HideSolutionNode = FALSE
	EndGlobalSection
	GlobalSection(ExtensibilityGlobals) = postSolution
		SolutionGuid = {01AEC95D-7E6C-4EA8-AA08-86B658DABC42}
	EndGlobalSection
EndGlobal
